{
    "version": 3,
    "terraform_version": "0.11.1",
    "serial": 2,
    "lineage": "3c5c5167-1d30-4d7a-8c24-d2a625728cde",
    "modules": [
        {
            "path": [
                "root"
            ],
            "outputs": {},
            "resources": {
                "aws_cloudfront_distribution.website_distribution": {
                    "type": "aws_cloudfront_distribution",
                    "depends_on": [],
                    "primary": {
                        "id": "E1ZYRLRNX1Y774",
                        "attributes": {
                            "active_trusted_signers.%": "2",
                            "active_trusted_signers.enabled": "false",
                            "active_trusted_signers.items.#": "0",
                            "aliases.#": "1",
                            "aliases.327689466": "www.coffeemonkey.net",
                            "arn": "arn:aws:cloudfront::792688616974:distribution/E1ZYRLRNX1Y774",
                            "cache_behavior.#": "0",
                            "caller_reference": "1509883117821",
                            "custom_error_response.#": "0",
                            "default_cache_behavior.#": "1",
                            "default_cache_behavior.1264034268.allowed_methods.#": "2",
                            "default_cache_behavior.1264034268.allowed_methods.0": "HEAD",
                            "default_cache_behavior.1264034268.allowed_methods.1": "GET",
                            "default_cache_behavior.1264034268.cached_methods.#": "2",
                            "default_cache_behavior.1264034268.cached_methods.0": "HEAD",
                            "default_cache_behavior.1264034268.cached_methods.1": "GET",
                            "default_cache_behavior.1264034268.compress": "false",
                            "default_cache_behavior.1264034268.default_ttl": "86400",
                            "default_cache_behavior.1264034268.forwarded_values.#": "1",
                            "default_cache_behavior.1264034268.forwarded_values.2759845635.cookies.#": "1",
                            "default_cache_behavior.1264034268.forwarded_values.2759845635.cookies.2625240281.forward": "none",
                            "default_cache_behavior.1264034268.forwarded_values.2759845635.cookies.2625240281.whitelisted_names.#": "0",
                            "default_cache_behavior.1264034268.forwarded_values.2759845635.headers.#": "0",
                            "default_cache_behavior.1264034268.forwarded_values.2759845635.query_string": "false",
                            "default_cache_behavior.1264034268.forwarded_values.2759845635.query_string_cache_keys.#": "0",
                            "default_cache_behavior.1264034268.lambda_function_association.#": "0",
                            "default_cache_behavior.1264034268.max_ttl": "31536000",
                            "default_cache_behavior.1264034268.min_ttl": "0",
                            "default_cache_behavior.1264034268.smooth_streaming": "false",
                            "default_cache_behavior.1264034268.target_origin_id": "S3-www.coffeemonkey.net",
                            "default_cache_behavior.1264034268.trusted_signers.#": "0",
                            "default_cache_behavior.1264034268.viewer_protocol_policy": "redirect-to-https",
                            "default_root_object": "",
                            "domain_name": "d1mo4kjbzkia7p.cloudfront.net",
                            "enabled": "true",
                            "etag": "E3JKTJD2F0IL2A",
                            "hosted_zone_id": "Z2FDTNDATAQYW2",
                            "http_version": "http2",
                            "id": "E1ZYRLRNX1Y774",
                            "in_progress_validation_batches": "0",
                            "is_ipv6_enabled": "true",
                            "last_modified_time": "2017-11-06 23:03:09.191 +0000 UTC",
                            "logging_config.#": "0",
                            "origin.#": "1",
                            "origin.1812930197.custom_header.#": "0",
                            "origin.1812930197.custom_origin_config.#": "1",
                            "origin.1812930197.custom_origin_config.1702400468.http_port": "80",
                            "origin.1812930197.custom_origin_config.1702400468.https_port": "443",
                            "origin.1812930197.custom_origin_config.1702400468.origin_keepalive_timeout": "5",
                            "origin.1812930197.custom_origin_config.1702400468.origin_protocol_policy": "http-only",
                            "origin.1812930197.custom_origin_config.1702400468.origin_read_timeout": "30",
                            "origin.1812930197.custom_origin_config.1702400468.origin_ssl_protocols.#": "3",
                            "origin.1812930197.custom_origin_config.1702400468.origin_ssl_protocols.0": "TLSv1",
                            "origin.1812930197.custom_origin_config.1702400468.origin_ssl_protocols.1": "TLSv1.1",
                            "origin.1812930197.custom_origin_config.1702400468.origin_ssl_protocols.2": "TLSv1.2",
                            "origin.1812930197.domain_name": "www.coffeemonkey.net.s3-website-us-east-1.amazonaws.com",
                            "origin.1812930197.origin_id": "S3-www.coffeemonkey.net",
                            "origin.1812930197.origin_path": "",
                            "origin.1812930197.s3_origin_config.#": "0",
                            "price_class": "PriceClass_100",
                            "restrictions.#": "1",
                            "restrictions.1097372288.geo_restriction.#": "1",
                            "restrictions.1097372288.geo_restriction.2625240281.locations.#": "0",
                            "restrictions.1097372288.geo_restriction.2625240281.restriction_type": "none",
                            "retain_on_delete": "false",
                            "status": "Deployed",
                            "tags.%": "0",
                            "viewer_certificate.#": "1",
                            "viewer_certificate.3398663619.acm_certificate_arn": "arn:aws:acm:us-east-1:792688616974:certificate/3f376ced-33ce-4f12-94de-9cfd1ac55750",
                            "viewer_certificate.3398663619.cloudfront_default_certificate": "false",
                            "viewer_certificate.3398663619.iam_certificate_id": "",
                            "viewer_certificate.3398663619.minimum_protocol_version": "TLSv1.1_2016",
                            "viewer_certificate.3398663619.ssl_support_method": "sni-only",
                            "web_acl_id": ""
                        },
                        "meta": {},
                        "tainted": false
                    },
                    "deposed": [],
                    "provider": "provider.aws"
                }
            },
            "depends_on": []
        }
    ]
}
